
Microsoft Visual Studio Solution File, Format Version 12.00
Project("{FAE04EC0-301F-11D3-BF4B-00C04F79EFBC}") = "Overlayer.Module.ADOFAI", "ADOFAI\Overlayer.Module.ADOFAI.csproj", "{4DB7C3EB-C120-43AD-AB06-0A9FD561AF95}"
EndProject
Project("{FAE04EC0-301F-11D3-BF4B-00C04F79EFBC}") = "Overlayer.Module.ADOFAI.Tests", "Tests\Overlayer.Module.ADOFAI.Tests.csproj", "{B7C4B2C0-4B02-4110-B5FC-56E2118CE125}"
EndProject
Global
	GlobalSection(SolutionConfigurationPlatforms) = preSolution
		Debug|Any CPU = Debug|Any CPU
		Release|Any CPU = Release|Any CPU
	EndGlobalSection
	GlobalSection(ProjectConfigurationPlatforms) = postSolution
		{4DB7C3EB-C120-43AD-AB06-0A9FD561AF95}.Debug|Any CPU.ActiveCfg = Debug|Any CPU
		{4DB7C3EB-C120-43AD-AB06-0A9FD561AF95}.Debug|Any CPU.Build.0 = Debug|Any CPU
		{4DB7C3EB-C120-43AD-AB06-0A9FD561AF95}.Release|Any CPU.ActiveCfg = Release|Any CPU
		{4DB7C3EB-C120-43AD-AB06-0A9FD561AF95}.Release|Any CPU.Build.0 = Release|Any CPU
		{B7C4B2C0-4B02-4110-B5FC-56E2118CE125}.Debug|Any CPU.ActiveCfg = Debug|Any CPU
		{B7C4B2C0-4B02-4110-B5FC-56E2118CE125}.Debug|Any CPU.Build.0 = Debug|Any CPU
		{B7C4B2C0-4B02-4110-B5FC-56E2118CE125}.Release|Any CPU.ActiveCfg = Release|Any CPU
		{B7C4B2C0-4B02-4110-B5FC-56E2118CE125}.Release|Any CPU.Build.0 = Release|Any CPU
	EndGlobalSection
EndGlobal
